
Microsoft Visual Studio Solution File, Format Version 12.00
# Visual Studio Version 17
VisualStudioVersion = 17.14.36401.2
MinimumVisualStudioVersion = 10.0.40219.1
Project("{FAE04EC0-301F-11D3-BF4B-00C04F79EFBC}") = "Core", "Core\Core.csproj", "{62824473-BEB9-4C30-8CE5-39930C68CEF6}"
EndProject
Project("{FAE04EC0-301F-11D3-BF4B-00C04F79EFBC}") = "MainHost", "MainHost\MainHost.csproj", "{A24A63BB-1604-4DB8-9ACA-E3736842AD62}"
EndProject
Project("{FAE04EC0-301F-11D3-BF4B-00C04F79EFBC}") = "SignalRConsoleSlient", "SignalRConsoleSlient\SignalRConsoleSlient.csproj", "{93BC91A0-F48F-4162-96CD-214DBCE43E8E}"
EndProject
Project("{FAE04EC0-301F-11D3-BF4B-00C04F79EFBC}") = "TcpConsoleClient", "TcpConsoleClient\TcpConsoleClient.csproj", "{1E105353-403E-4FC5-9676-C5E8AB84F7B9}"
EndProject
Project("{FAE04EC0-301F-11D3-BF4B-00C04F79EFBC}") = "DataFormaterContract", "DataFormaterContract\DataFormaterContract.csproj", "{DBCD9411-A622-4D54-8B1B-D1B59535EB96}"
EndProject
Project("{2150E333-8FDC-42A3-9474-1A3956D46DE8}") = "Plugins", "Plugins", "{02EA681E-C7D8-13C7-8484-4AC65E1B71E8}"
EndProject
Project("{FAE04EC0-301F-11D3-BF4B-00C04F79EFBC}") = "JsonFormatter", "JsonFormatter\JsonFormatter.csproj", "{6035936C-47D6-4184-852B-5BBD3D85B771}"
EndProject
Project("{FAE04EC0-301F-11D3-BF4B-00C04F79EFBC}") = "CsvFormatter", "CsvFormatter\CsvFormatter.csproj", "{D13032CA-2F9F-48C7-A10E-01E57B2C058E}"
EndProject
Project("{2150E333-8FDC-42A3-9474-1A3956D46DE8}") = "Tests", "Tests", "{8E8DF6A6-DD02-490C-972C-F066A495D463}"
EndProject
Project("{FAE04EC0-301F-11D3-BF4B-00C04F79EFBC}") = "Core.UnitTests", "Core.UnitTests\Core.UnitTests.csproj", "{F041F290-426E-449C-8847-53E8F621803E}"
EndProject
Project("{2150E333-8FDC-42A3-9474-1A3956D46DE8}") = "Solution Items", "Solution Items", "{C88D06EF-E708-40B1-898D-5721A758251C}"
EndProject
Project("{FAE04EC0-301F-11D3-BF4B-00C04F79EFBC}") = "MainHost.IntegrationTests", "MainHost.IntegrationTests\MainHost.IntegrationTests.csproj", "{BD2C3F3C-1814-43AB-8149-561A35D910EF}"
EndProject
Global
	GlobalSection(SolutionConfigurationPlatforms) = preSolution
		Debug|Any CPU = Debug|Any CPU
		Release|Any CPU = Release|Any CPU
	EndGlobalSection
	GlobalSection(ProjectConfigurationPlatforms) = postSolution
		{62824473-BEB9-4C30-8CE5-39930C68CEF6}.Debug|Any CPU.ActiveCfg = Debug|Any CPU
		{62824473-BEB9-4C30-8CE5-39930C68CEF6}.Debug|Any CPU.Build.0 = Debug|Any CPU
		{62824473-BEB9-4C30-8CE5-39930C68CEF6}.Release|Any CPU.ActiveCfg = Release|Any CPU
		{62824473-BEB9-4C30-8CE5-39930C68CEF6}.Release|Any CPU.Build.0 = Release|Any CPU
		{A24A63BB-1604-4DB8-9ACA-E3736842AD62}.Debug|Any CPU.ActiveCfg = Debug|Any CPU
		{A24A63BB-1604-4DB8-9ACA-E3736842AD62}.Debug|Any CPU.Build.0 = Debug|Any CPU
		{A24A63BB-1604-4DB8-9ACA-E3736842AD62}.Release|Any CPU.ActiveCfg = Release|Any CPU
		{A24A63BB-1604-4DB8-9ACA-E3736842AD62}.Release|Any CPU.Build.0 = Release|Any CPU
		{93BC91A0-F48F-4162-96CD-214DBCE43E8E}.Debug|Any CPU.ActiveCfg = Debug|Any CPU
		{93BC91A0-F48F-4162-96CD-214DBCE43E8E}.Debug|Any CPU.Build.0 = Debug|Any CPU
		{93BC91A0-F48F-4162-96CD-214DBCE43E8E}.Release|Any CPU.ActiveCfg = Release|Any CPU
		{93BC91A0-F48F-4162-96CD-214DBCE43E8E}.Release|Any CPU.Build.0 = Release|Any CPU
		{1E105353-403E-4FC5-9676-C5E8AB84F7B9}.Debug|Any CPU.ActiveCfg = Debug|Any CPU
		{1E105353-403E-4FC5-9676-C5E8AB84F7B9}.Debug|Any CPU.Build.0 = Debug|Any CPU
		{1E105353-403E-4FC5-9676-C5E8AB84F7B9}.Release|Any CPU.ActiveCfg = Release|Any CPU
		{1E105353-403E-4FC5-9676-C5E8AB84F7B9}.Release|Any CPU.Build.0 = Release|Any CPU
		{DBCD9411-A622-4D54-8B1B-D1B59535EB96}.Debug|Any CPU.ActiveCfg = Debug|Any CPU
		{DBCD9411-A622-4D54-8B1B-D1B59535EB96}.Debug|Any CPU.Build.0 = Debug|Any CPU
		{DBCD9411-A622-4D54-8B1B-D1B59535EB96}.Release|Any CPU.ActiveCfg = Release|Any CPU
		{DBCD9411-A622-4D54-8B1B-D1B59535EB96}.Release|Any CPU.Build.0 = Release|Any CPU
		{6035936C-47D6-4184-852B-5BBD3D85B771}.Debug|Any CPU.ActiveCfg = Debug|Any CPU
		{6035936C-47D6-4184-852B-5BBD3D85B771}.Debug|Any CPU.Build.0 = Debug|Any CPU
		{6035936C-47D6-4184-852B-5BBD3D85B771}.Release|Any CPU.ActiveCfg = Release|Any CPU
		{6035936C-47D6-4184-852B-5BBD3D85B771}.Release|Any CPU.Build.0 = Release|Any CPU
		{D13032CA-2F9F-48C7-A10E-01E57B2C058E}.Debug|Any CPU.ActiveCfg = Debug|Any CPU
		{D13032CA-2F9F-48C7-A10E-01E57B2C058E}.Debug|Any CPU.Build.0 = Debug|Any CPU
		{D13032CA-2F9F-48C7-A10E-01E57B2C058E}.Release|Any CPU.ActiveCfg = Release|Any CPU
		{D13032CA-2F9F-48C7-A10E-01E57B2C058E}.Release|Any CPU.Build.0 = Release|Any CPU
		{F041F290-426E-449C-8847-53E8F621803E}.Debug|Any CPU.ActiveCfg = Debug|Any CPU
		{F041F290-426E-449C-8847-53E8F621803E}.Debug|Any CPU.Build.0 = Debug|Any CPU
		{F041F290-426E-449C-8847-53E8F621803E}.Release|Any CPU.ActiveCfg = Release|Any CPU
		{F041F290-426E-449C-8847-53E8F621803E}.Release|Any CPU.Build.0 = Release|Any CPU
		{BD2C3F3C-1814-43AB-8149-561A35D910EF}.Debug|Any CPU.ActiveCfg = Debug|Any CPU
		{BD2C3F3C-1814-43AB-8149-561A35D910EF}.Debug|Any CPU.Build.0 = Debug|Any CPU
		{BD2C3F3C-1814-43AB-8149-561A35D910EF}.Release|Any CPU.ActiveCfg = Release|Any CPU
		{BD2C3F3C-1814-43AB-8149-561A35D910EF}.Release|Any CPU.Build.0 = Release|Any CPU
	EndGlobalSection
	GlobalSection(SolutionProperties) = preSolution
		HideSolutionNode = FALSE
	EndGlobalSection
	GlobalSection(NestedProjects) = preSolution
		{6035936C-47D6-4184-852B-5BBD3D85B771} = {02EA681E-C7D8-13C7-8484-4AC65E1B71E8}
		{D13032CA-2F9F-48C7-A10E-01E57B2C058E} = {02EA681E-C7D8-13C7-8484-4AC65E1B71E8}
		{F041F290-426E-449C-8847-53E8F621803E} = {8E8DF6A6-DD02-490C-972C-F066A495D463}
		{C88D06EF-E708-40B1-898D-5721A758251C} = {8E8DF6A6-DD02-490C-972C-F066A495D463}
		{BD2C3F3C-1814-43AB-8149-561A35D910EF} = {C88D06EF-E708-40B1-898D-5721A758251C}
	EndGlobalSection
	GlobalSection(ExtensibilityGlobals) = postSolution
		SolutionGuid = {BA93C79B-A46E-45F6-8479-626D22696604}
	EndGlobalSection
EndGlobal
